{
  "version": 4,
  "terraform_version": "0.12.23",
  "serial": 8,
  "lineage": "d8d65d55-3dc8-a1e8-93db-23874c4141e9",
  "outputs": {},
  "resources": [
    {
      "mode": "data",
      "type": "aws_security_group",
      "name": "default",
      "provider": "provider.aws",
      "instances": [
        {
          "schema_version": 0,
          "attributes": {
            "arn": "arn:aws:ec2:us-west-2:091525943164:security-group/sg-07a4a2f8a94005c26",
            "description": "default VPC security group",
            "filter": null,
            "id": "sg-07a4a2f8a94005c26",
            "name": "default",
            "tags": {},
            "vpc_id": "vpc-0bce87bfeb5d3e916"
          }
        }
      ]
    },
    {
      "mode": "managed",
      "type": "aws_db_instance",
      "name": "web_db",
      "provider": "provider.aws",
      "instances": [
        {
          "schema_version": 1,
          "attributes": {
            "address": "terraform-20221024180800916200000001.cej25g4hgihc.us-west-2.rds.amazonaws.com",
            "allocated_storage": 8,
            "allow_major_version_upgrade": null,
            "apply_immediately": null,
            "arn": "arn:aws:rds:us-west-2:091525943164:db:terraform-20221024180800916200000001",
            "auto_minor_version_upgrade": true,
            "availability_zone": "us-west-2d",
            "backup_retention_period": 0,
            "backup_window": "07:06-07:36",
            "ca_cert_identifier": "rds-ca-2019",
            "character_set_name": null,
            "copy_tags_to_snapshot": false,
            "db_subnet_group_name": "default",
            "delete_automated_backups": true,
            "deletion_protection": false,
            "domain": "",
            "domain_iam_role_name": "",
            "enabled_cloudwatch_logs_exports": null,
            "endpoint": "terraform-20221024180800916200000001.cej25g4hgihc.us-west-2.rds.amazonaws.com:3306",
            "engine": "mysql",
            "engine_version": "5.7.38",
            "final_snapshot_identifier": null,
            "hosted_zone_id": "Z1PVIF0B656C1W",
            "iam_database_authentication_enabled": false,
            "id": "terraform-20221024180800916200000001",
            "identifier": "terraform-20221024180800916200000001",
            "identifier_prefix": null,
            "instance_class": "db.t3.micro",
            "iops": 0,
            "kms_key_id": "",
            "latest_restorable_time": "0001-01-01T00:00:00Z",
            "license_model": "general-public-license",
            "maintenance_window": "wed:06:36-wed:07:06",
            "max_allocated_storage": 0,
            "monitoring_interval": 0,
            "monitoring_role_arn": "",
            "multi_az": false,
            "name": "",
            "option_group_name": "default:mysql-5-7",
            "parameter_group_name": "default.mysql5.7",
            "password": "\u003cAWS_DB_PASSWORD\u003e",
            "performance_insights_enabled": false,
            "performance_insights_kms_key_id": "",
            "performance_insights_retention_period": 0,
            "port": 3306,
            "publicly_accessible": false,
            "replicas": [],
            "replicate_source_db": "",
            "resource_id": "db-DOXV24H5JYG7V5LHDRWYEND73U",
            "restore_to_point_in_time": [],
            "s3_import": [],
            "security_group_names": null,
            "skip_final_snapshot": true,
            "snapshot_identifier": null,
            "status": "available",
            "storage_encrypted": false,
            "storage_type": "gp2",
            "tags": null,
            "timeouts": null,
            "timezone": "",
            "username": "admin",
            "vpc_security_group_ids": [
              "sg-07a4a2f8a94005c26"
            ]
          },
          "private": "eyJlMmJmYjczMC1lY2FhLTExZTYtOGY4OC0zNDM2M2JjN2M0YzAiOnsiY3JlYXRlIjoyNDAwMDAwMDAwMDAwLCJkZWxldGUiOjM2MDAwMDAwMDAwMDAsInVwZGF0ZSI6NDgwMDAwMDAwMDAwMH0sInNjaGVtYV92ZXJzaW9uIjoiMSJ9"
        }
      ]
    },
    {
      "mode": "managed",
      "type": "aws_instance",
      "name": "web",
      "provider": "provider.aws",
      "instances": [
        {
          "schema_version": 1,
          "attributes": {
            "ami": "ami-0d593311db5abb72b",
            "arn": "arn:aws:ec2:us-west-2:091525943164:instance/i-0c562f89544f0e134",
            "associate_public_ip_address": false,
            "availability_zone": "us-west-2c",
            "cpu_core_count": 1,
            "cpu_threads_per_core": 1,
            "credit_specification": [
              {
                "cpu_credits": "standard"
              }
            ],
            "disable_api_termination": false,
            "ebs_block_device": [],
            "ebs_optimized": false,
            "enclave_options": [
              {
                "enabled": false
              }
            ],
            "ephemeral_block_device": [],
            "get_password_data": false,
            "hibernation": false,
            "host_id": null,
            "iam_instance_profile": "",
            "id": "i-0c562f89544f0e134",
            "instance_initiated_shutdown_behavior": null,
            "instance_state": "stopped",
            "instance_type": "t2.micro",
            "ipv6_address_count": 0,
            "ipv6_addresses": [],
            "key_name": "web_admin",
            "metadata_options": [
              {
                "http_endpoint": "enabled",
                "http_put_response_hop_limit": 1,
                "http_tokens": "optional"
              }
            ],
            "monitoring": false,
            "network_interface": [],
            "outpost_arn": "",
            "password_data": "",
            "placement_group": "",
            "primary_network_interface_id": "eni-0c8edb1cdfba5478b",
            "private_dns": "ip-172-31-8-109.us-west-2.compute.internal",
            "private_ip": "172.31.8.109",
            "public_dns": "",
            "public_ip": "",
            "root_block_device": [
              {
                "delete_on_termination": true,
                "device_name": "/dev/xvda",
                "encrypted": false,
                "iops": 100,
                "kms_key_id": "",
                "tags": {},
                "throughput": 0,
                "volume_id": "vol-0d6af01390e6aeac8",
                "volume_size": 8,
                "volume_type": "gp2"
              }
            ],
            "secondary_private_ips": [],
            "security_groups": [
              "allow_ssh_from_all",
              "default"
            ],
            "source_dest_check": true,
            "subnet_id": "subnet-0aaa1d5549302b50c",
            "tags": {},
            "tenancy": "default",
            "timeouts": null,
            "user_data": null,
            "user_data_base64": null,
            "volume_tags": null,
            "vpc_security_group_ids": [
              "sg-03a6be7b852386b97",
              "sg-07a4a2f8a94005c26"
            ]
          },
          "private": "eyJlMmJmYjczMC1lY2FhLTExZTYtOGY4OC0zNDM2M2JjN2M0YzAiOnsiY3JlYXRlIjo2MDAwMDAwMDAwMDAsImRlbGV0ZSI6MTIwMDAwMDAwMDAwMCwidXBkYXRlIjo2MDAwMDAwMDAwMDB9LCJzY2hlbWFfdmVyc2lvbiI6IjEifQ==",
          "dependencies": [
            "aws_key_pair.web_admin",
            "aws_security_group.ssh"
          ]
        }
      ]
    },
    {
      "mode": "managed",
      "type": "aws_key_pair",
      "name": "web_admin",
      "provider": "provider.aws",
      "instances": [
        {
          "schema_version": 1,
          "attributes": {
            "arn": "arn:aws:ec2:us-west-2:091525943164:key-pair/web_admin",
            "fingerprint": "d5:2a:23:69:cb:63:f1:20:95:f2:11:66:ac:1d:2f:c5",
            "id": "web_admin",
            "key_name": "web_admin",
            "key_name_prefix": null,
            "key_pair_id": "key-0e304b42e18f08894",
            "public_key": "ssh-rsa AAAAB3NzaC1yc2EAAAADAQABAAACAQD4HC26nmQ27ZQv+Pxofhy0gCa2sEaQMQ6fJoMJpirPRNDqrhrrJDm+pzf68ujZvoThbmm/Y58kuAISIzdsZvu6SX6olksyeJkYWKepBPaV0Pe3fTBpWWthe7BVb2bcNURx4FlyefUtoLKRJs28MZCUfHl1aKeLQVcS2uCVU00GOlXI1SrJv9z831hzDZtuQmTWPd/7muhugMDmNveZBfB3BefKt4KvMGe32C+wdC3OnGHYN7VPzMMcAbt3r523o80kYhFp+2g9Z0Aevb1AxW2xnHIaoTEQXmrTWp/aiCi+gi6AcrdH9DvNPppn3pdaxtwgphEyo8/3fN2BKskTwFpqlZe00QngdI1tokwmvFoZTobVc1jd1IKjAmDnEJIDcWdKr5HxD4XOfkTvAUvYYZcTflofc5YfR3c5U9nlQyQHpnFq+SpD2i1INZWh/sXEBZ1PL1Z/i9q2R7+3LphgbsBzxb04crUwWrrJ0W9PZIZXiOvzMpFxrJcGtZd2n9kQOolJ1xg7k48c6XecQ6uAqp58Yv1LFPnEB9JGUCyhx4WTNNRiL4KTsAUpBnvbDbu8BUxjR6z6jpNkTsUAvXTAEYOlaZuA3sNC2iGFUWvMXjPCDGWuBFgfKlcjC7YA3IMRRINIgbgwUnLSEXfjKweHPD4AcR0R0WBGbo1PUkSlGTeakQ== purpur1178@gmail.com",
            "tags": {}
          },
          "private": "eyJzY2hlbWFfdmVyc2lvbiI6IjEifQ=="
        }
      ]
    },
    {
      "mode": "managed",
      "type": "aws_security_group",
      "name": "ssh",
      "provider": "provider.aws",
      "instances": [
        {
          "schema_version": 1,
          "attributes": {
            "arn": "arn:aws:ec2:us-west-2:091525943164:security-group/sg-03a6be7b852386b97",
            "description": "Allow SSH port from all",
            "egress": [],
            "id": "sg-03a6be7b852386b97",
            "ingress": [
              {
                "cidr_blocks": [
                  "0.0.0.0/0"
                ],
                "description": "",
                "from_port": 22,
                "ipv6_cidr_blocks": [],
                "prefix_list_ids": [],
                "protocol": "tcp",
                "security_groups": [],
                "self": false,
                "to_port": 22
              }
            ],
            "name": "allow_ssh_from_all",
            "name_prefix": "",
            "owner_id": "091525943164",
            "revoke_rules_on_delete": false,
            "tags": {},
            "timeouts": null,
            "vpc_id": "vpc-0bce87bfeb5d3e916"
          },
          "private": "eyJlMmJmYjczMC1lY2FhLTExZTYtOGY4OC0zNDM2M2JjN2M0YzAiOnsiY3JlYXRlIjo2MDAwMDAwMDAwMDAsImRlbGV0ZSI6OTAwMDAwMDAwMDAwfSwic2NoZW1hX3ZlcnNpb24iOiIxIn0="
        }
      ]
    }
  ]
}
